
Microsoft Visual Studio Solution File, Format Version 12.00
# Visual Studio Version 17
VisualStudioVersion = 17.9.34723.18
MinimumVisualStudioVersion = 10.0.40219.1
Project("{FAE04EC0-301F-11D3-BF4B-00C04F79EFBC}") = "BinaryTreeExplanation", "BinaryTreeExplanation\BinaryTreeExplanation.csproj", "{B0D55112-A6E7-4AD5-9606-AA60E103CFBC}"
EndProject
Global
	GlobalSection(SolutionConfigurationPlatforms) = preSolution
		Debug|Any CPU = Debug|Any CPU
		Release|Any CPU = Release|Any CPU
	EndGlobalSection
	GlobalSection(ProjectConfigurationPlatforms) = postSolution
		{B0D55112-A6E7-4AD5-9606-AA60E103CFBC}.Debug|Any CPU.ActiveCfg = Debug|Any CPU
		{B0D55112-A6E7-4AD5-9606-AA60E103CFBC}.Debug|Any CPU.Build.0 = Debug|Any CPU
		{B0D55112-A6E7-4AD5-9606-AA60E103CFBC}.Release|Any CPU.ActiveCfg = Release|Any CPU
		{B0D55112-A6E7-4AD5-9606-AA60E103CFBC}.Release|Any CPU.Build.0 = Release|Any CPU
	EndGlobalSection
	GlobalSection(SolutionProperties) = preSolution
		HideSolutionNode = FALSE
	EndGlobalSection
	GlobalSection(ExtensibilityGlobals) = postSolution
		SolutionGuid = {24815FD4-BDA2-443A-A23E-6C2F4E576614}
	EndGlobalSection
EndGlobal
